
Microsoft Visual Studio Solution File, Format Version 12.00
# Visual Studio 15
VisualStudioVersion = 15.0.28307.168
MinimumVisualStudioVersion = 10.0.40219.1
Project("{FAE04EC0-301F-11D3-BF4B-00C04F79EFBC}") = "Desas", "Desas\Desas.csproj", "{F03922C9-D047-4514-A039-C7400AAE1774}"
EndProject
Global
	GlobalSection(SolutionConfigurationPlatforms) = preSolution
		Debug|Any CPU = Debug|Any CPU
		Release|Any CPU = Release|Any CPU
	EndGlobalSection
	GlobalSection(ProjectConfigurationPlatforms) = postSolution
		{F03922C9-D047-4514-A039-C7400AAE1774}.Debug|Any CPU.ActiveCfg = Debug|Any CPU
		{F03922C9-D047-4514-A039-C7400AAE1774}.Debug|Any CPU.Build.0 = Debug|Any CPU
		{F03922C9-D047-4514-A039-C7400AAE1774}.Release|Any CPU.ActiveCfg = Release|Any CPU
		{F03922C9-D047-4514-A039-C7400AAE1774}.Release|Any CPU.Build.0 = Release|Any CPU
	EndGlobalSection
	GlobalSection(SolutionProperties) = preSolution
		HideSolutionNode = FALSE
	EndGlobalSection
	GlobalSection(ExtensibilityGlobals) = postSolution
		SolutionGuid = {35FEFDFD-15B6-4770-A89F-A0EF3A10683E}
	EndGlobalSection
EndGlobal
